lockfile_version: '1'
generated_at: '2026-04-22T14:13:56.470339+00:00'
apm_version: 0.9.1
dependencies:
- repo_url: _local/agents
  package_type: apm_package
  deployed_files:
  - .agents/skills/ci
  - .agents/skills/hk
  - .agents/skills/perf-diagnose
  - .agents/skills/test
  - .claude/commands/whatchanged.md
  - .claude/rules/apm-workflow.md
  - .claude/rules/architecture.md
  - .claude/rules/code-police-rules.md
  - .claude/rules/e2e-testing.md
  - .claude/rules/hickey-catalog.md
  - .claude/rules/lowy-volatilities.md
  - .claude/rules/nix.md
  - .claude/rules/solidjs.md
  - .claude/rules/state.md
  - .claude/rules/streaming.md
  - .claude/rules/toast-conventions.md
  - .claude/rules/workflow.md
  - .claude/skills/ci
  - .claude/skills/hk
  - .claude/skills/perf-diagnose
  - .claude/skills/test
  - .opencode/commands/whatchanged.md
  - .opencode/skills/ci
  - .opencode/skills/hk
  - .opencode/skills/perf-diagnose
  - .opencode/skills/test
  deployed_file_hashes:
    .claude/commands/whatchanged.md: sha256:283ce7bfddb6213172b2a89259c2b89b65d063c6f1d156dd6ee2b98760183f69
    .claude/rules/apm-workflow.md: sha256:ddb46a34e22a566a11c220ec8ab6dc1c0f394a86935702d8275926c23a4cc8c0
    .claude/rules/architecture.md: sha256:0f47ba876432c25a2cd54e3ed7995e8bbbb8b383fe3b790b0b3e252949c18032
    .claude/rules/code-police-rules.md: sha256:06a209bb48cfc9e9577561714d37a5b52b58216c7604ca75cdc5897fc85e48da
    .claude/rules/e2e-testing.md: sha256:ecac44a197b0e2f73f2a85fc1b79e21b6ef1670275de0a9debdd54de1848f0af
    .claude/rules/hickey-catalog.md: sha256:11144a19e7037941b34921fc9326245e4702e51b258fb3890b2984561e06af60
    .claude/rules/lowy-volatilities.md: sha256:82aeded3cd5a0e2016027b796abc3058544663f3e7bf636c54fb65704f1af0fd
    .claude/rules/nix.md: sha256:1ac0f3738deafba04c3af189c863990809999021f4e9d0e6b38969ec1460acf3
    .claude/rules/solidjs.md: sha256:d6b03eb7701e4ae637d8c5a389148811ef028f68c40bf0e76e8769d816e6e545
    .claude/rules/state.md: sha256:749fbd3452a8182f29c26df5e2f5671cbe2a88ddc97aef162a36645efccc4ccf
    .claude/rules/streaming.md: sha256:f67ae607dd8c4baf97c656d639452d82027ac295bb551d3dd774386101c5d0ec
    .claude/rules/toast-conventions.md: sha256:e987215118a5269b05f064a477ca26ad986b014531dfb00bc7ba6b6bd3dce5bc
    .claude/rules/workflow.md: sha256:9fd3625ba30f63cd5ec7543fcc71cd3dbd80cf12d6a88da046c7f11b03a83543
    .opencode/commands/whatchanged.md: sha256:283ce7bfddb6213172b2a89259c2b89b65d063c6f1d156dd6ee2b98760183f69
  source: local
  local_path: ./agents
- repo_url: anthropics/skills
  host: github.com
  resolved_commit: 12ab35c2eb5668c95810e6a6066f40f4218adc39
  virtual_path: skills/frontend-design
  is_virtual: true
  package_type: claude_skill
  deployed_files:
  - .agents/skills/frontend-design
  - .claude/skills/frontend-design
  - .opencode/skills/frontend-design
  content_hash: sha256:063a0e6448123cd359ad0044cc46b0e490cc7964d45ef4bb9fd842bd2ffbca67
- repo_url: juspay/skills
  host: github.com
  resolved_commit: 6e2df2d9ab3a4031e89598b50aa1074c3fd87748
  virtual_path: skills/nix-justfile
  is_virtual: true
  package_type: claude_skill
  deployed_files:
  - .agents/skills/nix-justfile
  - .claude/skills/nix-justfile
  - .opencode/skills/nix-justfile
  content_hash: sha256:8f48e067e59da48c3ac90b4e2228ebb4ecfd988375b40efe831339d9a493accd
- repo_url: juspay/skills
  host: github.com
  resolved_commit: 6e2df2d9ab3a4031e89598b50aa1074c3fd87748
  virtual_path: skills/nix-typescript
  is_virtual: true
  package_type: claude_skill
  deployed_files:
  - .agents/skills/nix-typescript
  - .claude/skills/nix-typescript
  - .opencode/skills/nix-typescript
  content_hash: sha256:67ff7ce606ad0378af382ad6cb84d9853bf70ec52d6fe40ed6b6f82ecd2c48c3
- repo_url: srid/agency
  host: github.com
  resolved_commit: dc414175815fa9cc95acb00c4a0ba26e485b842f
  resolved_ref: master
  package_type: apm_package
  deployed_files:
  - .agents/skills/code-police
  - .agents/skills/do
  - .agents/skills/elegance
  - .agents/skills/fact-check
  - .agents/skills/forge-pr
  - .agents/skills/hickey
  - .agents/skills/lowy
  - .agents/skills/ralph
  - .agents/skills/talk
  - .claude/agents/hickey.md
  - .claude/agents/lowy.md
  - .claude/hooks/agency/scripts/do-stop-guard.sh
  - .claude/rules/apm-sources.md
  - .claude/skills/code-police
  - .claude/skills/do
  - .claude/skills/elegance
  - .claude/skills/fact-check
  - .claude/skills/forge-pr
  - .claude/skills/hickey
  - .claude/skills/lowy
  - .claude/skills/ralph
  - .claude/skills/talk
  - .codex/agents/hickey.toml
  - .codex/agents/lowy.toml
  - .codex/hooks/agency/scripts/do-stop-guard.sh
  - .opencode/agents/hickey.md
  - .opencode/agents/lowy.md
  - .opencode/skills/code-police
  - .opencode/skills/do
  - .opencode/skills/elegance
  - .opencode/skills/fact-check
  - .opencode/skills/forge-pr
  - .opencode/skills/hickey
  - .opencode/skills/lowy
  - .opencode/skills/ralph
  - .opencode/skills/talk
  deployed_file_hashes:
    .claude/agents/hickey.md: sha256:edde9b0d3b27b947b7372f662b2e8652d136e0bb9af7924892b00450a1e586bc
    .claude/agents/lowy.md: sha256:a1c8e5ba115439bcfa0d7e331f96e71b2d690ff2e5fb9b824bb5f588eb43ac75
    .claude/hooks/agency/scripts/do-stop-guard.sh: sha256:b9d316555a1509eabb610d32cccdcd1dacaf926b2fd831a3178c30d283756d69
    .claude/rules/apm-sources.md: sha256:8707579e05e2a39f01278b2d225f3cb2ec97912c65c94aa57e5830954f98eab1
    .codex/agents/hickey.toml: sha256:f508bacedcac2916cf1e29a11f2ac161483ffc2acf182c8f1c00c26d14073c00
    .codex/agents/lowy.toml: sha256:c57b72c43687ef255a4490f65984fe556325cb9847a5626e43c2a7addea049e4
    .codex/hooks/agency/scripts/do-stop-guard.sh: sha256:b9d316555a1509eabb610d32cccdcd1dacaf926b2fd831a3178c30d283756d69
    .opencode/agents/hickey.md: sha256:edde9b0d3b27b947b7372f662b2e8652d136e0bb9af7924892b00450a1e586bc
    .opencode/agents/lowy.md: sha256:a1c8e5ba115439bcfa0d7e331f96e71b2d690ff2e5fb9b824bb5f588eb43ac75
  content_hash: sha256:f309878ce79ee166620ef89812d093707f07b79cbebaa74725dc6f32f3cac8d3
