lockfile_version: '1'
generated_at: '2026-04-08T15:15:58.602902+00:00'
apm_version: 0.8.11
dependencies:
- repo_url: _local/agents
  package_type: apm_package
  deployed_files:
  - .claude/commands/whatchanged.md
  - .claude/rules/architecture.md
  - .claude/rules/code-police-rules.md
  - .claude/rules/e2e-testing.md
  - .claude/rules/hickey-catalog.md
  - .claude/rules/nix.md
  - .claude/rules/solidjs.md
  - .claude/rules/state.md
  - .claude/rules/toast-conventions.md
  - .claude/rules/workflow.md
  source: local
  local_path: ./agents
- repo_url: anthropics/skills
  host: github.com
  resolved_commit: 98669c11ca63e9c81c11501e1437e5c47b556621
  virtual_path: skills/frontend-design
  is_virtual: true
  package_type: claude_skill
  deployed_files:
  - .claude/skills/frontend-design
  content_hash: sha256:063a0e6448123cd359ad0044cc46b0e490cc7964d45ef4bb9fd842bd2ffbca67
- repo_url: juspay/skills
  host: github.com
  resolved_commit: 6e2df2d9ab3a4031e89598b50aa1074c3fd87748
  virtual_path: skills/nix-justfile
  is_virtual: true
  package_type: claude_skill
  deployed_files:
  - .claude/skills/nix-justfile
  content_hash: sha256:8f48e067e59da48c3ac90b4e2228ebb4ecfd988375b40efe831339d9a493accd
- repo_url: juspay/skills
  host: github.com
  resolved_commit: 6e2df2d9ab3a4031e89598b50aa1074c3fd87748
  virtual_path: skills/nix-typescript
  is_virtual: true
  package_type: claude_skill
  deployed_files:
  - .claude/skills/nix-typescript
  content_hash: sha256:67ff7ce606ad0378af382ad6cb84d9853bf70ec52d6fe40ed6b6f82ecd2c48c3
- repo_url: srid/agency
  host: github.com
  resolved_commit: 8bcef5ca67d7c55a31e012a2b1ee7c907c18af99
  resolved_ref: master
  package_type: apm_package
  deployed_files:
  - .claude/commands/do.md
  - .claude/commands/talk.md
  - .claude/hooks/agency/scripts/do-stop-guard.sh
  - .claude/rules/apm-sources.md
  - .claude/skills/code-police
  - .claude/skills/github-pr
  - .claude/skills/hickey
  content_hash: sha256:5db4048d5766ea64b168da87195ef7f2f13bb2df2ddce0e1ed763670cfd95481
