lockfile_version: '1'
generated_at: '2026-07-11T20:03:47.439381+00:00'
apm_version: 0.24.1
dependencies:
- repo_url: _local/agents
  name: agents
  version: 0.1.0
  package_type: apm_package
  deployed_files:
  - .agents/skills/architecture-first-principles
  - .agents/skills/architecture-first-principles/SKILL.md
  - .agents/skills/be
  - .agents/skills/be-review
  - .agents/skills/be-review/SKILL.md
  - .agents/skills/be/SKILL.md
  - .agents/skills/codex-debate
  - .agents/skills/codex-debate/SKILL.md
  - .agents/skills/codex-debate/answer.workflow.js
  - .agents/skills/codex-debate/debate.workflow.js
  - .agents/skills/codex-debate/scripts/codex-answer.schema.json
  - .agents/skills/codex-debate/scripts/codex-answer.sh
  - .agents/skills/codex-debate/scripts/codex-exec-lib.sh
  - .agents/skills/codex-debate/scripts/codex-review.sh
  - .agents/skills/codex-debate/scripts/codex-verdict.schema.json
  - .agents/skills/diataxis
  - .agents/skills/diataxis/SKILL.md
  - .agents/skills/kolu
  - .agents/skills/kolu/SKILL.md
  - .agents/skills/lens-debate
  - .agents/skills/lens-debate/SKILL.md
  - .agents/skills/lens-debate/debate.workflow.js
  - .agents/skills/orchestrator
  - .agents/skills/orchestrator/SKILL.md
  - .agents/skills/perfection-review
  - .agents/skills/perfection-review/SKILL.md
  - .agents/skills/surface
  - .agents/skills/surface/SKILL.md
  - .claude/skills/architecture-first-principles
  - .claude/skills/architecture-first-principles/SKILL.md
  - .claude/skills/be
  - .claude/skills/be-review
  - .claude/skills/be-review/SKILL.md
  - .claude/skills/be/SKILL.md
  - .claude/skills/codex-debate
  - .claude/skills/codex-debate/SKILL.md
  - .claude/skills/codex-debate/answer.workflow.js
  - .claude/skills/codex-debate/debate.workflow.js
  - .claude/skills/codex-debate/scripts/codex-answer.schema.json
  - .claude/skills/codex-debate/scripts/codex-answer.sh
  - .claude/skills/codex-debate/scripts/codex-exec-lib.sh
  - .claude/skills/codex-debate/scripts/codex-review.sh
  - .claude/skills/codex-debate/scripts/codex-verdict.schema.json
  - .claude/skills/diataxis
  - .claude/skills/diataxis/SKILL.md
  - .claude/skills/kolu
  - .claude/skills/kolu/SKILL.md
  - .claude/skills/lens-debate
  - .claude/skills/lens-debate/SKILL.md
  - .claude/skills/lens-debate/debate.workflow.js
  - .claude/skills/orchestrator
  - .claude/skills/orchestrator/SKILL.md
  - .claude/skills/perfection-review
  - .claude/skills/perfection-review/SKILL.md
  - .claude/skills/surface
  - .claude/skills/surface/SKILL.md
  deployed_file_hashes:
    .agents/skills/architecture-first-principles/SKILL.md: sha256:f91c89a3546235fb8f2e95489d9a943a540fb4477af37fe4512d731f9e9f312f
    .agents/skills/be-review/SKILL.md: sha256:effd4d39e369d4e8004c6c30a0c69ea420cfb5820ad576663e443529951197db
    .agents/skills/be/SKILL.md: sha256:e7ad6d775802d78e80bf3e541581240d5933185de527aa00e58354bfeabd7b9e
    .agents/skills/codex-debate/SKILL.md: sha256:5456d1b415ac284e4e7f1d51bab2548124f0dbd0e8175185afc9fb01b0485238
    .agents/skills/codex-debate/answer.workflow.js: sha256:82ad3a02db21c52cb6b2453a66559bf8742f2ba30f1e8a328c35b896b0e12ada
    .agents/skills/codex-debate/debate.workflow.js: sha256:158853fa60b13e7934ef7a91d08f536dcd8bb92d391c9cbd75d9d235f590046d
    .agents/skills/codex-debate/scripts/codex-answer.schema.json: sha256:6c33a78fc5b21914f34368b06325e67dfeafcaa19ce1f97bd5caa4cd51f0ca25
    .agents/skills/codex-debate/scripts/codex-answer.sh: sha256:05734cad63863b4c27c67b1d87da0bf41ba325c3dd816002acfbd69c66877e67
    .agents/skills/codex-debate/scripts/codex-exec-lib.sh: sha256:8abcec954fac110c0c3bc27a382acc015ed5cd5f29effcbf06eba75f36ced3c5
    .agents/skills/codex-debate/scripts/codex-review.sh: sha256:8d97126372d6e716d9455f7e9e821c6fa717d1f55968dd82b93f9bb8999d0fc9
    .agents/skills/codex-debate/scripts/codex-verdict.schema.json: sha256:93e33150cd20b300eddb590adcf2c9253c85d68a7ef70aa42e4c8a49049a1fe3
    .agents/skills/diataxis/SKILL.md: sha256:596e06f555aa0218ea2138270ceb3419584038a519ba43c8ff1823bf597d9aa6
    .agents/skills/kolu/SKILL.md: sha256:d4575e21bbcd12e6c1c1ba3c79495a3a50503525cf583d3f208425ce0b20c4df
    .agents/skills/lens-debate/SKILL.md: sha256:7b08a00e9f088e64aa7886659175926e4afaac14a725d53d202e8de14aa30192
    .agents/skills/lens-debate/debate.workflow.js: sha256:94ecd7a58059af0606a1ce1bfc0feb942b80f90f80f993e538ae827f1eedbac3
    .agents/skills/orchestrator/SKILL.md: sha256:fdbe82888f1a91f508a6b9cd189c792681a48a80d3b47d23fc26e9acf1303f62
    .agents/skills/perfection-review/SKILL.md: sha256:81e96416552beaa8a59299007bfd0280e008c2b41290cb2f9b7e8efa20ec0056
    .agents/skills/surface/SKILL.md: sha256:407652ca44fc119dba06be3816009eaa4331189f9bf3807c6b65e95f95b0cbad
    .claude/skills/architecture-first-principles/SKILL.md: sha256:f91c89a3546235fb8f2e95489d9a943a540fb4477af37fe4512d731f9e9f312f
    .claude/skills/be-review/SKILL.md: sha256:effd4d39e369d4e8004c6c30a0c69ea420cfb5820ad576663e443529951197db
    .claude/skills/be/SKILL.md: sha256:e7ad6d775802d78e80bf3e541581240d5933185de527aa00e58354bfeabd7b9e
    .claude/skills/codex-debate/SKILL.md: sha256:5456d1b415ac284e4e7f1d51bab2548124f0dbd0e8175185afc9fb01b0485238
    .claude/skills/codex-debate/answer.workflow.js: sha256:82ad3a02db21c52cb6b2453a66559bf8742f2ba30f1e8a328c35b896b0e12ada
    .claude/skills/codex-debate/debate.workflow.js: sha256:158853fa60b13e7934ef7a91d08f536dcd8bb92d391c9cbd75d9d235f590046d
    .claude/skills/codex-debate/scripts/codex-answer.schema.json: sha256:6c33a78fc5b21914f34368b06325e67dfeafcaa19ce1f97bd5caa4cd51f0ca25
    .claude/skills/codex-debate/scripts/codex-answer.sh: sha256:05734cad63863b4c27c67b1d87da0bf41ba325c3dd816002acfbd69c66877e67
    .claude/skills/codex-debate/scripts/codex-exec-lib.sh: sha256:8abcec954fac110c0c3bc27a382acc015ed5cd5f29effcbf06eba75f36ced3c5
    .claude/skills/codex-debate/scripts/codex-review.sh: sha256:8d97126372d6e716d9455f7e9e821c6fa717d1f55968dd82b93f9bb8999d0fc9
    .claude/skills/codex-debate/scripts/codex-verdict.schema.json: sha256:93e33150cd20b300eddb590adcf2c9253c85d68a7ef70aa42e4c8a49049a1fe3
    .claude/skills/diataxis/SKILL.md: sha256:596e06f555aa0218ea2138270ceb3419584038a519ba43c8ff1823bf597d9aa6
    .claude/skills/kolu/SKILL.md: sha256:d4575e21bbcd12e6c1c1ba3c79495a3a50503525cf583d3f208425ce0b20c4df
    .claude/skills/lens-debate/SKILL.md: sha256:7b08a00e9f088e64aa7886659175926e4afaac14a725d53d202e8de14aa30192
    .claude/skills/lens-debate/debate.workflow.js: sha256:94ecd7a58059af0606a1ce1bfc0feb942b80f90f80f993e538ae827f1eedbac3
    .claude/skills/orchestrator/SKILL.md: sha256:fdbe82888f1a91f508a6b9cd189c792681a48a80d3b47d23fc26e9acf1303f62
    .claude/skills/perfection-review/SKILL.md: sha256:81e96416552beaa8a59299007bfd0280e008c2b41290cb2f9b7e8efa20ec0056
    .claude/skills/surface/SKILL.md: sha256:407652ca44fc119dba06be3816009eaa4331189f9bf3807c6b65e95f95b0cbad
  source: local
  local_path: ./agents
- repo_url: anthropics/skills
  name: skills
  host: github.com
  resolved_commit: da20c92503b2e8ff1cf28ca81a0df4673debdbf7
  version: unknown
  virtual_path: skills/frontend-design
  is_virtual: true
  package_type: claude_skill
  deployed_files:
  - .agents/skills/frontend-design
  - .agents/skills/frontend-design/LICENSE.txt
  - .agents/skills/frontend-design/SKILL.md
  - .claude/skills/frontend-design
  - .claude/skills/frontend-design/LICENSE.txt
  - .claude/skills/frontend-design/SKILL.md
  deployed_file_hashes:
    .agents/skills/frontend-design/LICENSE.txt: sha256:0d542e0c8804e39aa7f37eb00da5a762149dc682d7829451287e11b938e94594
    .agents/skills/frontend-design/SKILL.md: sha256:b81e2ff87ed8fa4d6c377ccb127a7254c9e6a77e3ae94f21e6b514f7bb2945a0
    .claude/skills/frontend-design/LICENSE.txt: sha256:0d542e0c8804e39aa7f37eb00da5a762149dc682d7829451287e11b938e94594
    .claude/skills/frontend-design/SKILL.md: sha256:b81e2ff87ed8fa4d6c377ccb127a7254c9e6a77e3ae94f21e6b514f7bb2945a0
  content_hash: sha256:063a0e6448123cd359ad0044cc46b0e490cc7964d45ef4bb9fd842bd2ffbca67
- repo_url: juspay/nix-chrome-devtools-mcp
  name: nix-chrome-devtools-mcp
  host: github.com
  resolved_commit: a202612693800c9d9ac9035ca0df80f2e92ded3b
  version: 0.1.0
  package_type: apm_package
  deployed_files:
  - .agents/skills/nix-chrome-devtools-mcp
  - .agents/skills/nix-chrome-devtools-mcp/SKILL.md
  - .agents/skills/nix-chrome-devtools-mcp/bin/serve
  - .claude/skills/nix-chrome-devtools-mcp
  - .claude/skills/nix-chrome-devtools-mcp/SKILL.md
  - .claude/skills/nix-chrome-devtools-mcp/bin/serve
  deployed_file_hashes:
    .agents/skills/nix-chrome-devtools-mcp/SKILL.md: sha256:78f9b651b1c832b4db6fe6aa9d588c2a84521c2d9ab0f60432813c98352d3ce0
    .agents/skills/nix-chrome-devtools-mcp/bin/serve: sha256:d8988c3305ba7faf43293c911c47beb7df09b72ed00b324a58e73abe253820a8
    .claude/skills/nix-chrome-devtools-mcp/SKILL.md: sha256:78f9b651b1c832b4db6fe6aa9d588c2a84521c2d9ab0f60432813c98352d3ce0
    .claude/skills/nix-chrome-devtools-mcp/bin/serve: sha256:d8988c3305ba7faf43293c911c47beb7df09b72ed00b324a58e73abe253820a8
  content_hash: sha256:51308bd8cc8b6ae24781a77b67a7c8140bdea5d793e35427e7b8fcbeb0662074
- repo_url: juspay/odu
  name: odu
  host: github.com
  resolved_commit: b0386d33f395c74030e7411380db2ac2d2a66000
  version: 1.0.0
  package_type: apm_package
  deployed_files:
  - .agents/skills/ci
  - .agents/skills/ci/SKILL.md
  - .agents/skills/odu-mcp
  - .agents/skills/odu-mcp/SKILL.md
  - .agents/skills/odu-mcp/bin/serve
  - .claude/skills/ci
  - .claude/skills/ci/SKILL.md
  - .claude/skills/odu-mcp
  - .claude/skills/odu-mcp/SKILL.md
  - .claude/skills/odu-mcp/bin/serve
  deployed_file_hashes:
    .agents/skills/ci/SKILL.md: sha256:7f22aaac4676523525430c9208a000b7eb8e9e03b506e55350dcfdf3367d05cd
    .agents/skills/odu-mcp/SKILL.md: sha256:25cd14d47aa082fb4061e793d3b74095eeb6749672356eea6b9acde9f9de6863
    .agents/skills/odu-mcp/bin/serve: sha256:6152e8fc4d3478b70a5cd547c172be596787e600b5757233fb82b307186b9e26
    .claude/skills/ci/SKILL.md: sha256:7f22aaac4676523525430c9208a000b7eb8e9e03b506e55350dcfdf3367d05cd
    .claude/skills/odu-mcp/SKILL.md: sha256:25cd14d47aa082fb4061e793d3b74095eeb6749672356eea6b9acde9f9de6863
    .claude/skills/odu-mcp/bin/serve: sha256:6152e8fc4d3478b70a5cd547c172be596787e600b5757233fb82b307186b9e26
  content_hash: sha256:83ea53ce3e1b658ebe6d75f9f11322d325a819a1dca9494844e90b88b8f1df0c
- repo_url: juspay/project-unknown
  name: project-unknown
  host: github.com
  resolved_commit: 8823d4842abffa97fe10cb2f897cc5419722a627
  version: 1.0.0
  package_type: apm_package
  deployed_files:
  - .agents/skills/pu
  - .agents/skills/pu/SKILL.md
  - .claude/skills/pu
  - .claude/skills/pu/SKILL.md
  deployed_file_hashes:
    .agents/skills/pu/SKILL.md: sha256:7760fd56daed8ef793d2dd1b7409652b414a098fcc13cbd079bbfb1394aaf781
    .claude/skills/pu/SKILL.md: sha256:7760fd56daed8ef793d2dd1b7409652b414a098fcc13cbd079bbfb1394aaf781
  content_hash: sha256:9accaa713ae0f6a1bc62e78487b34f675e500c0f29ab217f6aaf6d1ed08f441e
  declared_license: MIT
- repo_url: juspay/skills
  name: skills
  host: github.com
  resolved_commit: e5791cf388499456c8083a1667ecc1bd6c35fe2c
  version: unknown
  virtual_path: skills/nix-justfile
  is_virtual: true
  package_type: claude_skill
  deployed_files:
  - .agents/skills/nix-justfile
  - .agents/skills/nix-justfile/SKILL.md
  - .claude/skills/nix-justfile
  - .claude/skills/nix-justfile/SKILL.md
  deployed_file_hashes:
    .agents/skills/nix-justfile/SKILL.md: sha256:730345294a6536793ede474dc7f624faa83af6e97dbcbeb10fed1954a0d408fd
    .claude/skills/nix-justfile/SKILL.md: sha256:730345294a6536793ede474dc7f624faa83af6e97dbcbeb10fed1954a0d408fd
  content_hash: sha256:8f48e067e59da48c3ac90b4e2228ebb4ecfd988375b40efe831339d9a493accd
- repo_url: juspay/skills
  name: skills
  host: github.com
  resolved_commit: e5791cf388499456c8083a1667ecc1bd6c35fe2c
  version: unknown
  virtual_path: skills/nix-typescript
  is_virtual: true
  package_type: claude_skill
  deployed_files:
  - .agents/skills/nix-typescript
  - .agents/skills/nix-typescript/SKILL.md
  - .claude/skills/nix-typescript
  - .claude/skills/nix-typescript/SKILL.md
  deployed_file_hashes:
    .agents/skills/nix-typescript/SKILL.md: sha256:cd771d988edb89b88b233c7b799f3816c9982d669419d75fb409dd38103b1962
    .claude/skills/nix-typescript/SKILL.md: sha256:cd771d988edb89b88b233c7b799f3816c9982d669419d75fb409dd38103b1962
  content_hash: sha256:67ff7ce606ad0378af382ad6cb84d9853bf70ec52d6fe40ed6b6f82ecd2c48c3
- repo_url: juspay/skills
  name: skills
  host: github.com
  resolved_commit: 84d6c6f102151246fb1da96ce39996757c11179c
  version: unknown
  virtual_path: skills/pg
  is_virtual: true
  package_type: claude_skill
  deployed_files:
  - .agents/skills/pg
  - .agents/skills/pg/SKILL.md
  - .agents/skills/pg/SOURCES.md
  - .claude/skills/pg
  - .claude/skills/pg/SKILL.md
  - .claude/skills/pg/SOURCES.md
  deployed_file_hashes:
    .agents/skills/pg/SKILL.md: sha256:dad7b551903255328c279b6058905199d17dd859ccf37055bd5957ff2a739058
    .agents/skills/pg/SOURCES.md: sha256:883da1d6a48c91b555c1df085523865badc917b1cc051ea37ea85ab745e8197d
    .claude/skills/pg/SKILL.md: sha256:dad7b551903255328c279b6058905199d17dd859ccf37055bd5957ff2a739058
    .claude/skills/pg/SOURCES.md: sha256:883da1d6a48c91b555c1df085523865badc917b1cc051ea37ea85ab745e8197d
  content_hash: sha256:55aa91acea2f65028147786dffec979d5c2f1b18f402ee441353dada10ffbb2a
- repo_url: srid/agency
  name: agency
  host: github.com
  resolved_commit: bf60fb6eef7e4bcf62db2b7111e8b278991bcba1
  resolved_ref: master
  version: 1.0.0
  package_type: apm_package
  deployed_files:
  - .agents/skills/code-police
  - .agents/skills/code-police/SKILL.md
  - .agents/skills/do
  - .agents/skills/do/SKILL.md
  - .agents/skills/do/scripts/do-results
  - .agents/skills/do/scripts/steps/done
  - .agents/skills/do/scripts/steps/sync
  - .agents/skills/elegance
  - .agents/skills/elegance/SKILL.md
  - .agents/skills/fact-check
  - .agents/skills/fact-check/SKILL.md
  - .agents/skills/forge-pr
  - .agents/skills/forge-pr/SKILL.md
  - .agents/skills/hickey
  - .agents/skills/hickey/SKILL.md
  - .agents/skills/hickey/transcript.md
  - .agents/skills/lowy
  - .agents/skills/lowy/SKILL.md
  - .agents/skills/ralph
  - .agents/skills/ralph/SKILL.md
  - .agents/skills/talk
  - .agents/skills/talk/SKILL.md
  - .claude/agents/hickey.md
  - .claude/agents/lowy.md
  - .claude/hooks/agency/scripts/do-stop-guard.sh
  - .claude/rules/apm-sources.md
  - .claude/skills/code-police
  - .claude/skills/code-police/SKILL.md
  - .claude/skills/do
  - .claude/skills/do/SKILL.md
  - .claude/skills/do/scripts/do-results
  - .claude/skills/do/scripts/steps/done
  - .claude/skills/do/scripts/steps/sync
  - .claude/skills/elegance
  - .claude/skills/elegance/SKILL.md
  - .claude/skills/fact-check
  - .claude/skills/fact-check/SKILL.md
  - .claude/skills/forge-pr
  - .claude/skills/forge-pr/SKILL.md
  - .claude/skills/hickey
  - .claude/skills/hickey/SKILL.md
  - .claude/skills/hickey/transcript.md
  - .claude/skills/lowy
  - .claude/skills/lowy/SKILL.md
  - .claude/skills/ralph
  - .claude/skills/ralph/SKILL.md
  - .claude/skills/talk
  - .claude/skills/talk/SKILL.md
  - .codex/hooks/agency/scripts/do-stop-guard.sh
  - .github/agents/hickey.agent.md
  - .github/agents/lowy.agent.md
  - .github/hooks/agency-do-stop-guard.json
  - .github/hooks/scripts/agency/scripts/do-stop-guard.sh
  - .github/instructions/apm-sources.instructions.md
  - .opencode/agents/hickey.md
  - .opencode/agents/lowy.md
  deployed_file_hashes:
    .agents/skills/code-police/SKILL.md: sha256:8d188754eaf56063de720a0c02fa927db3b56ff5fa30d0e612893ca8798da899
    .agents/skills/do/SKILL.md: sha256:24e77e783759e1f2d20c1600f2f9fc800d950efd19b9ea23f8e232d29d6ae84d
    .agents/skills/do/scripts/do-results: sha256:2684dfce9cc7e4314d56c39edd5495628ac65d0631860e27e11f17fdcc0c7d49
    .agents/skills/do/scripts/steps/done: sha256:03513d90bea1357eef3379c5b4fee5e46fe2d67b41fe8cf8b52d4beba4c73c72
    .agents/skills/do/scripts/steps/sync: sha256:88fc95c548b183b766df02285038bf12d43fd06ae32b9a15f57dd741d9c83466
    .agents/skills/elegance/SKILL.md: sha256:f330bf7e37034587f717e3a3d6453bd04ba80522fd9bdf8921a7140c7d5d3a3c
    .agents/skills/fact-check/SKILL.md: sha256:6c4280ef618d27c278fc34365d336b1f889afb5b92f06ef6199fafe5a11304c0
    .agents/skills/forge-pr/SKILL.md: sha256:78c66fbcb5146dbd83d856540eb810978fd9236e2d66cb4ebf14a2a012b9cda6
    .agents/skills/hickey/SKILL.md: sha256:6eccc8ef4a2368c8ca898abde4b8a94451b844bb9cc082767a718fa2796c29ef
    .agents/skills/hickey/transcript.md: sha256:c7da3fda455cc17adc5788984954baf95a354f2e83367bff0efd1b01f45a96a3
    .agents/skills/lowy/SKILL.md: sha256:9f17781cbe4f3e912f6a9d493e218e14cd1324d20228c64ba7ef07b7258d76db
    .agents/skills/ralph/SKILL.md: sha256:1b2c547102584c87384b90b291536bedc0494dcb8382ac776bd0a3cec0fe1b4a
    .agents/skills/talk/SKILL.md: sha256:ba059751cd4b3c1c52221554719bfe1fc5da56540694cb8e793ae0c19e210377
    .claude/agents/hickey.md: sha256:10d9a4350a85752dc6658af8e0efb3d8be41803a2b6c73464e3d5b7a840435ad
    .claude/agents/lowy.md: sha256:05aff7f6a91149a42c1fb9a3ca382a6f77bc39ac8a8d45436d443dd3349fb11e
    .claude/hooks/agency/scripts/do-stop-guard.sh: sha256:cb033f86c15ffd3d09d8e4b74a61f55a70def4cc4131cc013b7368a2d23f3f33
    .claude/rules/apm-sources.md: sha256:90626875e2a63e5658f0b5e77524c9c4f949f4ce890bd1f1ce9a2663d4fc8ea7
    .claude/skills/code-police/SKILL.md: sha256:8d188754eaf56063de720a0c02fa927db3b56ff5fa30d0e612893ca8798da899
    .claude/skills/do/SKILL.md: sha256:24e77e783759e1f2d20c1600f2f9fc800d950efd19b9ea23f8e232d29d6ae84d
    .claude/skills/do/scripts/do-results: sha256:2684dfce9cc7e4314d56c39edd5495628ac65d0631860e27e11f17fdcc0c7d49
    .claude/skills/do/scripts/steps/done: sha256:03513d90bea1357eef3379c5b4fee5e46fe2d67b41fe8cf8b52d4beba4c73c72
    .claude/skills/do/scripts/steps/sync: sha256:88fc95c548b183b766df02285038bf12d43fd06ae32b9a15f57dd741d9c83466
    .claude/skills/elegance/SKILL.md: sha256:f330bf7e37034587f717e3a3d6453bd04ba80522fd9bdf8921a7140c7d5d3a3c
    .claude/skills/fact-check/SKILL.md: sha256:6c4280ef618d27c278fc34365d336b1f889afb5b92f06ef6199fafe5a11304c0
    .claude/skills/forge-pr/SKILL.md: sha256:78c66fbcb5146dbd83d856540eb810978fd9236e2d66cb4ebf14a2a012b9cda6
    .claude/skills/hickey/SKILL.md: sha256:6eccc8ef4a2368c8ca898abde4b8a94451b844bb9cc082767a718fa2796c29ef
    .claude/skills/hickey/transcript.md: sha256:c7da3fda455cc17adc5788984954baf95a354f2e83367bff0efd1b01f45a96a3
    .claude/skills/lowy/SKILL.md: sha256:9f17781cbe4f3e912f6a9d493e218e14cd1324d20228c64ba7ef07b7258d76db
    .claude/skills/ralph/SKILL.md: sha256:1b2c547102584c87384b90b291536bedc0494dcb8382ac776bd0a3cec0fe1b4a
    .claude/skills/talk/SKILL.md: sha256:ba059751cd4b3c1c52221554719bfe1fc5da56540694cb8e793ae0c19e210377
    .codex/hooks/agency/scripts/do-stop-guard.sh: sha256:cb033f86c15ffd3d09d8e4b74a61f55a70def4cc4131cc013b7368a2d23f3f33
    .github/agents/hickey.agent.md: sha256:10d9a4350a85752dc6658af8e0efb3d8be41803a2b6c73464e3d5b7a840435ad
    .github/agents/lowy.agent.md: sha256:05aff7f6a91149a42c1fb9a3ca382a6f77bc39ac8a8d45436d443dd3349fb11e
    .github/hooks/agency-do-stop-guard.json: sha256:a164a7556359cea31c7e1fcad6cef8bc99be8df0125dbd5b63058f15b734aa50
    .github/hooks/scripts/agency/scripts/do-stop-guard.sh: sha256:cb033f86c15ffd3d09d8e4b74a61f55a70def4cc4131cc013b7368a2d23f3f33
    .github/instructions/apm-sources.instructions.md: sha256:7082aa4ccc36ea4f394488623927ea4350efb0312514d35154ed2d9a3b569dcd
    .opencode/agents/hickey.md: sha256:10d9a4350a85752dc6658af8e0efb3d8be41803a2b6c73464e3d5b7a840435ad
    .opencode/agents/lowy.md: sha256:05aff7f6a91149a42c1fb9a3ca382a6f77bc39ac8a8d45436d443dd3349fb11e
  content_hash: sha256:9575434ddde22cc69174ac75e2f801032dbc3dea793ff193d58f0a341b2eacb1
  declared_license: MIT
mcp_servers:
- chrome-devtools
- odu
mcp_configs:
  chrome-devtools:
    name: chrome-devtools
    transport: stdio
    registry: false
    command: .agents/skills/nix-chrome-devtools-mcp/bin/serve
  odu:
    name: odu
    transport: stdio
    registry: false
    command: .agents/skills/odu-mcp/bin/serve
mcp_config_provenance:
  chrome-devtools: nix-chrome-devtools-mcp
  odu: odu
local_deployed_files:
- .agents/skills/atlas
- .agents/skills/atlas/SKILL.md
- .agents/skills/blog-post
- .agents/skills/blog-post/SKILL.md
- .agents/skills/dev-server
- .agents/skills/dev-server/SKILL.md
- .agents/skills/evidence
- .agents/skills/evidence/SKILL.md
- .agents/skills/parcel
- .agents/skills/parcel/SKILL.md
- .agents/skills/perf-diagnose
- .agents/skills/perf-diagnose/SKILL.md
- .agents/skills/pierre
- .agents/skills/pierre/SKILL.md
- .agents/skills/release
- .agents/skills/release/SKILL.md
- .agents/skills/remote-host-testing
- .agents/skills/remote-host-testing/SKILL.md
- .agents/skills/self-improve
- .agents/skills/self-improve/SKILL.md
- .agents/skills/test
- .agents/skills/test/SKILL.md
- .claude/commands/whatchanged.md
- .claude/rules/apm-sources.md
- .claude/rules/apm-workflow.md
- .claude/rules/architecture.md
- .claude/rules/atlas.md
- .claude/rules/be-workflow-atlas.md
- .claude/rules/conventions.md
- .claude/rules/dock-fleet-mirror.md
- .claude/rules/docs.md
- .claude/rules/e2e-testing.md
- .claude/rules/logo.md
- .claude/rules/nix.md
- .claude/rules/solidjs.md
- .claude/rules/state.md
- .claude/rules/streaming.md
- .claude/rules/surface-reference.md
- .claude/rules/surface.md
- .claude/rules/toast-conventions.md
- .claude/rules/website-docs.md
- .claude/skills/atlas
- .claude/skills/atlas/SKILL.md
- .claude/skills/blog-post
- .claude/skills/blog-post/SKILL.md
- .claude/skills/dev-server
- .claude/skills/dev-server/SKILL.md
- .claude/skills/evidence
- .claude/skills/evidence/SKILL.md
- .claude/skills/parcel
- .claude/skills/parcel/SKILL.md
- .claude/skills/perf-diagnose
- .claude/skills/perf-diagnose/SKILL.md
- .claude/skills/pierre
- .claude/skills/pierre/SKILL.md
- .claude/skills/release
- .claude/skills/release/SKILL.md
- .claude/skills/remote-host-testing
- .claude/skills/remote-host-testing/SKILL.md
- .claude/skills/self-improve
- .claude/skills/self-improve/SKILL.md
- .claude/skills/test
- .claude/skills/test/SKILL.md
- .github/instructions/apm-sources.instructions.md
- .github/instructions/apm-workflow.instructions.md
- .github/instructions/architecture.instructions.md
- .github/instructions/atlas.instructions.md
- .github/instructions/be-workflow-atlas.instructions.md
- .github/instructions/conventions.instructions.md
- .github/instructions/dock-fleet-mirror.instructions.md
- .github/instructions/docs.instructions.md
- .github/instructions/e2e-testing.instructions.md
- .github/instructions/logo.instructions.md
- .github/instructions/nix.instructions.md
- .github/instructions/solidjs.instructions.md
- .github/instructions/state.instructions.md
- .github/instructions/streaming.instructions.md
- .github/instructions/surface.instructions.md
- .github/instructions/toast-conventions.instructions.md
- .github/prompts/whatchanged.prompt.md
local_deployed_file_hashes:
  .agents/skills/atlas/SKILL.md: sha256:64909c9058667c6eefa9efcd7249737b7feb401015f110b09b6ea69718f35ef3
  .agents/skills/blog-post/SKILL.md: sha256:617654848591f41e9c41f23f404ab3fa0318bdfbd4e70b21ae2ba42921a86c1a
  .agents/skills/dev-server/SKILL.md: sha256:f4f9e6479103ceec2c90496c85fca5c5bdd57c79bd59e80852307c6b9d286617
  .agents/skills/evidence/SKILL.md: sha256:84152c26c4708fd0332ac1c15423be57b0fc19e78bb0a284b79684216ca8845d
  .agents/skills/parcel/SKILL.md: sha256:f86f25ebaaf5349542b255b06378ad2b653aa65bb828d6dd7eacea732b9447c3
  .agents/skills/perf-diagnose/SKILL.md: sha256:253d7e174344b2481b2f0a8f0f12ffe206c5f84974bff02b48db297e5023aa0c
  .agents/skills/pierre/SKILL.md: sha256:0c9e0f6c6cb93518bc0fbf5edf22dd57ba0038a35bb6dc757200e0e2327070e8
  .agents/skills/release/SKILL.md: sha256:9ecdcae3c7e44df8984f5edb877d8fb3c613fde4abd80e230bc5f83dbec5a8e4
  .agents/skills/remote-host-testing/SKILL.md: sha256:79bc6e13318390539f270d60b205a8c051b5470e4ec125ddfdb15fe0f482d262
  .agents/skills/self-improve/SKILL.md: sha256:0f8c6bacddfe459b60265bc7de5b148a3a66750271f3264f1fad131f9bf870bd
  .agents/skills/test/SKILL.md: sha256:ab8421b6937ad1687b6670fca17eacb908bdf637d7cddd4cc734f2a0e3c16c53
  .claude/commands/whatchanged.md: sha256:283ce7bfddb6213172b2a89259c2b89b65d063c6f1d156dd6ee2b98760183f69
  .claude/rules/apm-sources.md: sha256:90626875e2a63e5658f0b5e77524c9c4f949f4ce890bd1f1ce9a2663d4fc8ea7
  .claude/rules/apm-workflow.md: sha256:4b45e346a878fb8029e48679e7fba1a9a2d6f0af311f38c60f59321eaca3ce99
  .claude/rules/architecture.md: sha256:4ca455f44fda4c4e0fc832dd415a240ec710be5b5ba11baad04296d06a10205a
  .claude/rules/atlas.md: sha256:952a49f91d233d35fa8fc1f731cbff874161df7491b5696edc1e91da588c6d90
  .claude/rules/be-workflow-atlas.md: sha256:c16190acae27d8f1b8b8fc10e508701ea5d216c83807156df081b52a75341ae5
  .claude/rules/conventions.md: sha256:33edfa92cf1a1bbbf6c205a45f9f91a9d5c15b6f0355002993987bde5a5e7d47
  .claude/rules/dock-fleet-mirror.md: sha256:5924a312466b4e8a2a42ae5e5045b7f6139dfd7cf97b9293630c32d3693d1e91
  .claude/rules/docs.md: sha256:c78ee3eb709a228c4d8c86031ac2c9de2967fed129c97c07f8e5998d5c1f085c
  .claude/rules/e2e-testing.md: sha256:ecac44a197b0e2f73f2a85fc1b79e21b6ef1670275de0a9debdd54de1848f0af
  .claude/rules/logo.md: sha256:05f412b96dcdd5a7e6de9bce3cdb164a89cabe5da6ed0c865662b33743470e25
  .claude/rules/nix.md: sha256:1ac0f3738deafba04c3af189c863990809999021f4e9d0e6b38969ec1460acf3
  .claude/rules/solidjs.md: sha256:5147f3895503bda5895fd9deb042d4e286e26ea60a0ecdf4471a9d21e44c1d39
  .claude/rules/state.md: sha256:749fbd3452a8182f29c26df5e2f5671cbe2a88ddc97aef162a36645efccc4ccf
  .claude/rules/streaming.md: sha256:fc1ce230fedf39a045f7172afc23539de79ee5620258add61d84bedda8fe5209
  .claude/rules/surface-reference.md: sha256:0aa3ed458596b2482dea3c6218241755dae429d70b65f89a4d85f1677e21ecbe
  .claude/rules/surface.md: sha256:ffe9a98799804d4065549143cb9df65b5d2a83fbedf93ee86727d404b2f85e7d
  .claude/rules/toast-conventions.md: sha256:e987215118a5269b05f064a477ca26ad986b014531dfb00bc7ba6b6bd3dce5bc
  .claude/rules/website-docs.md: sha256:f40e3f50cfaf186997105ccfd11405bd3f90e9b80e771f9157907e1538b0167f
  .claude/skills/atlas/SKILL.md: sha256:64909c9058667c6eefa9efcd7249737b7feb401015f110b09b6ea69718f35ef3
  .claude/skills/blog-post/SKILL.md: sha256:617654848591f41e9c41f23f404ab3fa0318bdfbd4e70b21ae2ba42921a86c1a
  .claude/skills/dev-server/SKILL.md: sha256:f4f9e6479103ceec2c90496c85fca5c5bdd57c79bd59e80852307c6b9d286617
  .claude/skills/evidence/SKILL.md: sha256:84152c26c4708fd0332ac1c15423be57b0fc19e78bb0a284b79684216ca8845d
  .claude/skills/parcel/SKILL.md: sha256:f86f25ebaaf5349542b255b06378ad2b653aa65bb828d6dd7eacea732b9447c3
  .claude/skills/perf-diagnose/SKILL.md: sha256:253d7e174344b2481b2f0a8f0f12ffe206c5f84974bff02b48db297e5023aa0c
  .claude/skills/pierre/SKILL.md: sha256:0c9e0f6c6cb93518bc0fbf5edf22dd57ba0038a35bb6dc757200e0e2327070e8
  .claude/skills/release/SKILL.md: sha256:9ecdcae3c7e44df8984f5edb877d8fb3c613fde4abd80e230bc5f83dbec5a8e4
  .claude/skills/remote-host-testing/SKILL.md: sha256:79bc6e13318390539f270d60b205a8c051b5470e4ec125ddfdb15fe0f482d262
  .claude/skills/self-improve/SKILL.md: sha256:0f8c6bacddfe459b60265bc7de5b148a3a66750271f3264f1fad131f9bf870bd
  .claude/skills/test/SKILL.md: sha256:ab8421b6937ad1687b6670fca17eacb908bdf637d7cddd4cc734f2a0e3c16c53
  .github/instructions/apm-sources.instructions.md: sha256:7082aa4ccc36ea4f394488623927ea4350efb0312514d35154ed2d9a3b569dcd
  .github/instructions/apm-workflow.instructions.md: sha256:637fbb4e1c0347881e843d77eb383e4e69ef2842ea96435bf3b9f7c88f0fc8bf
  .github/instructions/architecture.instructions.md: sha256:b0a1988ef8ed0d77ba272b978ffad2ce6ad7969634e4080220acf85b4f2c96d8
  .github/instructions/atlas.instructions.md: sha256:0c6b59b47665d621e34025ee89170cc325c8ba39c000b77ae913edbed4edec2f
  .github/instructions/be-workflow-atlas.instructions.md: sha256:23d5417f9c5c58e113b8fde2439c098cd361cda37a65dc1536a5bd984003b781
  .github/instructions/conventions.instructions.md: sha256:612de82602d340b0dba40b25ff23e09ed5f52d6de237c66bba6d94d17b20d9ab
  .github/instructions/dock-fleet-mirror.instructions.md: sha256:688dec288cf2a561bfffd838b126b8d5755a8ae94fe99dcdaaf72175feb16bb7
  .github/instructions/docs.instructions.md: sha256:6531b382b85895bdc1c82c3fe1318532416931594d21eec5eede9d5987b6a7dd
  .github/instructions/e2e-testing.instructions.md: sha256:aa31ec79280131165e7222580efa1f06854671f0ad99fade365819e0b3266c17
  .github/instructions/logo.instructions.md: sha256:7f8a4887630bc2501b03b2ca63183bd0dd529469b3311b67e664bf121a291c89
  .github/instructions/nix.instructions.md: sha256:7740d887bc068251d1032dd51dda7cf567f147e70ef5b125c00ca7eb469012e4
  .github/instructions/solidjs.instructions.md: sha256:3acadd661732dc1f758b6abce9dc957a72c17bc8bf48505e6cefa99dc1ca3cbe
  .github/instructions/state.instructions.md: sha256:ece1a667ee7e9a5445800eb1c6d52d8835647aafcba0ebc6308165b596a8243d
  .github/instructions/streaming.instructions.md: sha256:8cc85d2fe2e370f95dfb4c0595cd19780e7bcd519a100b02023b73e2e707d373
  .github/instructions/surface.instructions.md: sha256:4206d45c6c15ab8a44e3cb9c7efe6e8c06db01367f55d93692bce965669fc7ba
  .github/instructions/toast-conventions.instructions.md: sha256:c29f15c0c1c1412022b5a34d2f0aabc268902f08b61582698f0eaa40bae058de
  .github/prompts/whatchanged.prompt.md: sha256:2b33d9088ca503e3517530363a8fb6fb227cf235461418a80d696dea4606204c
